// !$*UTF8*$!
{
	archiveVersion = 1;
	classes = {
	};
	objectVersion = 56;
	objects = {

/* Begin PBXBuildFile section */
		C406045729A2138900D56C0D /* AppContext.swift in Sources */ = {isa = PBXBuildFile; fileRef = C406045629A2138900D56C0D /* AppContext.swift */; };
		C406045929A21BEC00D56C0D /* Song.swift in Sources */ = {isa = PBXBuildFile; fileRef = C406045829A21BEC00D56C0D /* Song.swift */; };
		C42044FA29990571009699F7 /* LyricsFluencer.swift in Sources */ = {isa = PBXBuildFile; fileRef = C42044F929990571009699F7 /* LyricsFluencer.swift */; };
		C42044FE29990574009699F7 /* Assets.xcassets in Resources */ = {isa = PBXBuildFile; fileRef = C42044FD29990574009699F7 /* Assets.xcassets */; };
		C420450129990574009699F7 /* Preview Assets.xcassets in Resources */ = {isa = PBXBuildFile; fileRef = C420450029990574009699F7 /* Preview Assets.xcassets */; };
		C420450A299905A2009699F7 /* LoginView.swift in Sources */ = {isa = PBXBuildFile; fileRef = C4204509299905A2009699F7 /* LoginView.swift */; };
		C420450E299905EC009699F7 /* HomeView.swift in Sources */ = {isa = PBXBuildFile; fileRef = C420450D299905EC009699F7 /* HomeView.swift */; };
		C420451129990D60009699F7 /* FirebaseAuth in Frameworks */ = {isa = PBXBuildFile; productRef = C420451029990D60009699F7 /* FirebaseAuth */; };
		C420451329990D60009699F7 /* FirebaseFirestore in Frameworks */ = {isa = PBXBuildFile; productRef = C420451229990D60009699F7 /* FirebaseFirestore */; };
		C420453A29992A78009699F7 /* LyricsView.swift in Sources */ = {isa = PBXBuildFile; fileRef = C420453929992A78009699F7 /* LyricsView.swift */; };
		C4204541299945D2009699F7 /* LyricsApiData.swift in Sources */ = {isa = PBXBuildFile; fileRef = C4204540299945D2009699F7 /* LyricsApiData.swift */; };
		C420454329995FF0009699F7 /* Language.swift in Sources */ = {isa = PBXBuildFile; fileRef = C420454229995FF0009699F7 /* Language.swift */; };
		C434F3F829DDA38A00DF07E8 /* LocaleStorageModel.swift in Sources */ = {isa = PBXBuildFile; fileRef = C434F3F729DDA38A00DF07E8 /* LocaleStorageModel.swift */; };
		C434F3FA29DDAA3C00DF07E8 /* UserModel.swift in Sources */ = {isa = PBXBuildFile; fileRef = C434F3F929DDAA3C00DF07E8 /* UserModel.swift */; };
		C443137F29AA2BE3007D7CA9 /* DeckSettingsHandler.swift in Sources */ = {isa = PBXBuildFile; fileRef = C443137E29AA2BE3007D7CA9 /* DeckSettingsHandler.swift */; };
		C443138129AA344E007D7CA9 /* DecksViewHandler.swift in Sources */ = {isa = PBXBuildFile; fileRef = C443138029AA344E007D7CA9 /* DecksViewHandler.swift */; };
		C443138529AA39D7007D7CA9 /* CardViewHandler.swift in Sources */ = {isa = PBXBuildFile; fileRef = C443138429AA39D7007D7CA9 /* CardViewHandler.swift */; };
		C443138729AA485B007D7CA9 /* EditCardsView.swift in Sources */ = {isa = PBXBuildFile; fileRef = C443138629AA485B007D7CA9 /* EditCardsView.swift */; };
		C443138929AA4B9E007D7CA9 /* EditCardViewHandler.swift in Sources */ = {isa = PBXBuildFile; fileRef = C443138829AA4B9E007D7CA9 /* EditCardViewHandler.swift */; };
		C44F2D2F29AA8BBC004A28AA /* LoginViewController.swift in Sources */ = {isa = PBXBuildFile; fileRef = C44F2D2E29AA8BBC004A28AA /* LoginViewController.swift */; };
		C44F2D3129AA986B004A28AA /* HomeViewController.swift in Sources */ = {isa = PBXBuildFile; fileRef = C44F2D3029AA986B004A28AA /* HomeViewController.swift */; };
		C44F2D3329AAA06D004A28AA /* LyricsViewController.swift in Sources */ = {isa = PBXBuildFile; fileRef = C44F2D3229AAA06D004A28AA /* LyricsViewController.swift */; };
		C47536542CD7EC48006F71E7 /* GoogleService-Info.plist in Resources */ = {isa = PBXBuildFile; fileRef = C47536532CD7EC48006F71E7 /* GoogleService-Info.plist */; };
		C47536562CD7ED88006F71E7 /* DeckModel.swift in Sources */ = {isa = PBXBuildFile; fileRef = C47536552CD7ED85006F71E7 /* DeckModel.swift */; };
		C47536592CD7FEA9006F71E7 /* DeckView.swift in Sources */ = {isa = PBXBuildFile; fileRef = C47536582CD7FEA7006F71E7 /* DeckView.swift */; };
		C475365C2CD8014D006F71E7 /* EditCardsViewCard.swift in Sources */ = {isa = PBXBuildFile; fileRef = C475365B2CD80148006F71E7 /* EditCardsViewCard.swift */; };
		C475365E2CD80B5B006F71E7 /* Card.swift in Sources */ = {isa = PBXBuildFile; fileRef = C475365D2CD80B59006F71E7 /* Card.swift */; };
		C47536602CD8128F006F71E7 /* DeckContext.swift in Sources */ = {isa = PBXBuildFile; fileRef = C475365F2CD8128A006F71E7 /* DeckContext.swift */; };
		C47536622CD83359006F71E7 /* SongContext.swift in Sources */ = {isa = PBXBuildFile; fileRef = C47536612CD83356006F71E7 /* SongContext.swift */; };
		C47536642CD83767006F71E7 /* SongApiModel.swift in Sources */ = {isa = PBXBuildFile; fileRef = C47536632CD8375E006F71E7 /* SongApiModel.swift */; };
		C47536672CD8392F006F71E7 /* ManualSearchResponse.swift in Sources */ = {isa = PBXBuildFile; fileRef = C47536662CD83929006F71E7 /* ManualSearchResponse.swift */; };
		C47536692CD83B86006F71E7 /* SelectedSongResponse.swift in Sources */ = {isa = PBXBuildFile; fileRef = C47536682CD83B81006F71E7 /* SelectedSongResponse.swift */; };
		C475366B2CD83E13006F71E7 /* QuickSearchResponse.swift in Sources */ = {isa = PBXBuildFile; fileRef = C475366A2CD83E0F006F71E7 /* QuickSearchResponse.swift */; };
		C47536722CD8AD62006F71E7 /* WordView.swift in Sources */ = {isa = PBXBuildFile; fileRef = C47536712CD8AD5F006F71E7 /* WordView.swift */; };
		C47536742CD8AD85006F71E7 /* AddWordView.swift in Sources */ = {isa = PBXBuildFile; fileRef = C47536732CD8AD82006F71E7 /* AddWordView.swift */; };
		C47536762CD8ADC5006F71E7 /* PopUpWebView.swift in Sources */ = {isa = PBXBuildFile; fileRef = C47536752CD8ADBF006F71E7 /* PopUpWebView.swift */; };
		C47536782CD8ADF7006F71E7 /* VisualEffectView.swift in Sources */ = {isa = PBXBuildFile; fileRef = C47536772CD8ADF1006F71E7 /* VisualEffectView.swift */; };
		C475367A2CD8AF7B006F71E7 /* LyricBarView.swift in Sources */ = {isa = PBXBuildFile; fileRef = C47536792CD8AF74006F71E7 /* LyricBarView.swift */; };
		C475367C2CD8AF84006F71E7 /* TranslationBarView.swift in Sources */ = {isa = PBXBuildFile; fileRef = C475367B2CD8AF80006F71E7 /* TranslationBarView.swift */; };
		C475367F2CD8B535006F71E7 /* ManualSearchView.swift in Sources */ = {isa = PBXBuildFile; fileRef = C475367E2CD8B525006F71E7 /* ManualSearchView.swift */; };
		C47536812CD8B597006F71E7 /* ResultView.swift in Sources */ = {isa = PBXBuildFile; fileRef = C47536802CD8B58E006F71E7 /* ResultView.swift */; };
		C47536832CD8CD9C006F71E7 /* ApiError.swift in Sources */ = {isa = PBXBuildFile; fileRef = C47536822CD8CD98006F71E7 /* ApiError.swift */; };
		C492FA3429BA52CD003A07E9 /* User.swift in Sources */ = {isa = PBXBuildFile; fileRef = C492FA3329BA52CD003A07E9 /* User.swift */; };
		C49E86072CFAE44200177B7B /* CreateDeckResponse.swift in Sources */ = {isa = PBXBuildFile; fileRef = C49E86062CFAE43D00177B7B /* CreateDeckResponse.swift */; };
		C49E86092CFAE5C200177B7B /* DeckProtocol.swift in Sources */ = {isa = PBXBuildFile; fileRef = C49E86082CFAE5BF00177B7B /* DeckProtocol.swift */; };
		C49E860B2CFAECE700177B7B /* CreateCardResponse.swift in Sources */ = {isa = PBXBuildFile; fileRef = C49E860A2CFAECE300177B7B /* CreateCardResponse.swift */; };
		C4B0824F29B4FEA800640349 /* PlanApiData.swift in Sources */ = {isa = PBXBuildFile; fileRef = C4B0824E29B4FEA800640349 /* PlanApiData.swift */; };
		C4B38AAA29A3602300EEFAF9 /* Constants.swift in Sources */ = {isa = PBXBuildFile; fileRef = C4B38AA929A3602300EEFAF9 /* Constants.swift */; };
		C4B38AAD29A39B2500EEFAF9 /* WrappingHStack in Frameworks */ = {isa = PBXBuildFile; productRef = C4B38AAC29A39B2500EEFAF9 /* WrappingHStack */; };
		C4BE115F29B7EAB20064D8FC /* Extensions.swift in Sources */ = {isa = PBXBuildFile; fileRef = C4BE115E29B7EAB20064D8FC /* Extensions.swift */; };
		C4BE116329B7ECC60064D8FC /* SettingsView.swift in Sources */ = {isa = PBXBuildFile; fileRef = C4BE116229B7ECC60064D8FC /* SettingsView.swift */; };
		C4C1AFD029E73A9400CA5D18 /* RegisterView.swift in Sources */ = {isa = PBXBuildFile; fileRef = C4C1AFCF29E73A9400CA5D18 /* RegisterView.swift */; };
		C4C1AFD229E73B4A00CA5D18 /* RegisterViewController.swift in Sources */ = {isa = PBXBuildFile; fileRef = C4C1AFD129E73B4A00CA5D18 /* RegisterViewController.swift */; };
		C4C1AFD429E7488C00CA5D18 /* DeleteAccountResponse.swift in Sources */ = {isa = PBXBuildFile; fileRef = C4C1AFD329E7488C00CA5D18 /* DeleteAccountResponse.swift */; };
		C4C58F4829A823D8009120C8 /* DecksView.swift in Sources */ = {isa = PBXBuildFile; fileRef = C4C58F4729A823D8009120C8 /* DecksView.swift */; };
		C4C58F4A29A893FE009120C8 /* Deck.swift in Sources */ = {isa = PBXBuildFile; fileRef = C4C58F4929A893FE009120C8 /* Deck.swift */; };
		C4C58F4C29A90304009120C8 /* DeckSettingsView.swift in Sources */ = {isa = PBXBuildFile; fileRef = C4C58F4B29A90304009120C8 /* DeckSettingsView.swift */; };
		C4C58F4E29A91AEB009120C8 /* CardView.swift in Sources */ = {isa = PBXBuildFile; fileRef = C4C58F4D29A91AEB009120C8 /* CardView.swift */; };
		C4D2EF6C2CF85C6B00E3AB4C /* GetDecksResponse.swift in Sources */ = {isa = PBXBuildFile; fileRef = C4D2EF6B2CF85C6500E3AB4C /* GetDecksResponse.swift */; };
		C4D82A5629BF70D1009A3342 /* ReusableViews.swift in Sources */ = {isa = PBXBuildFile; fileRef = C4D82A5529BF70D1009A3342 /* ReusableViews.swift */; };
		C4E0D4552CD90B2100AE0C87 /* UserContext.swift in Sources */ = {isa = PBXBuildFile; fileRef = C4E0D4542CD90B1D00AE0C87 /* UserContext.swift */; };
		C4E0D4572CD91EC800AE0C87 /* QuickSearchInput.swift in Sources */ = {isa = PBXBuildFile; fileRef = C4E0D4562CD91EC300AE0C87 /* QuickSearchInput.swift */; };
		C4E0D4592CD91F1C00AE0C87 /* TrailExpiredButton.swift in Sources */ = {isa = PBXBuildFile; fileRef = C4E0D4582CD91F1600AE0C87 /* TrailExpiredButton.swift */; };
		C4E0D45B2CD91F6500AE0C87 /* TrialExpiredView.swift in Sources */ = {isa = PBXBuildFile; fileRef = C4E0D45A2CD91F6100AE0C87 /* TrialExpiredView.swift */; };
		C4E0D45D2CD9211C00AE0C87 /* QuickSearchButton.swift in Sources */ = {isa = PBXBuildFile; fileRef = C4E0D45C2CD9211800AE0C87 /* QuickSearchButton.swift */; };
		C4F2267929DF83760082B9F1 /* BrowseView.swift in Sources */ = {isa = PBXBuildFile; fileRef = C4F2267829DF83760082B9F1 /* BrowseView.swift */; };
		C4F2267B29DF841B0082B9F1 /* BrowseViewController.swift in Sources */ = {isa = PBXBuildFile; fileRef = C4F2267A29DF841B0082B9F1 /* BrowseViewController.swift */; };
		C4F2267D29DF8C850082B9F1 /* PopularSongsResponse.swift in Sources */ = {isa = PBXBuildFile; fileRef = C4F2267C29DF8C850082B9F1 /* PopularSongsResponse.swift */; };
		C4FEEAA12CDB478C003BA67E /* SettingsViewController.swift in Sources */ = {isa = PBXBuildFile; fileRef = C4FEEAA02CDB4787003BA67E /* SettingsViewController.swift */; };
		C4FEEAA42CDB493D003BA67E /* LanguageMenuView.swift in Sources */ = {isa = PBXBuildFile; fileRef = C4FEEAA32CDB4938003BA67E /* LanguageMenuView.swift */; };
		C4FEEAA72CDB49F0003BA67E /* LanguageUtil.swift in Sources */ = {isa = PBXBuildFile; fileRef = C4FEEAA62CDB49ED003BA67E /* LanguageUtil.swift */; };
		C4FEEAA92CDB4E15003BA67E /* DeleteAccountModal.swift in Sources */ = {isa = PBXBuildFile; fileRef = C4FEEAA82CDB4E10003BA67E /* DeleteAccountModal.swift */; };
		C4FEEAAC2CDB5075003BA67E /* DeleteAccountButton.swift in Sources */ = {isa = PBXBuildFile; fileRef = C4FEEAAB2CDB5071003BA67E /* DeleteAccountButton.swift */; };
		C4FEEAB22CDB8669003BA67E /* ErrorModal.swift in Sources */ = {isa = PBXBuildFile; fileRef = C4FEEAB12CDB865F003BA67E /* ErrorModal.swift */; };
		C4FEEAB42CDB8E97003BA67E /* LyricsUtil.swift in Sources */ = {isa = PBXBuildFile; fileRef = C4FEEAB32CDB8E92003BA67E /* LyricsUtil.swift */; };
/* End PBXBuildFile section */

/* Begin PBXFileReference section */
		C406045629A2138900D56C0D /* AppContext.swift */ = {isa = PBXFileReference; lastKnownFileType = sourcecode.swift; path = AppContext.swift; sourceTree = "<group>"; };
		C406045829A21BEC00D56C0D /* Song.swift */ = {isa = PBXFileReference; lastKnownFileType = sourcecode.swift; path = Song.swift; sourceTree = "<group>"; };
		C42044F629990571009699F7 /* LyricsFluencer.app */ = {isa = PBXFileReference; explicitFileType = wrapper.application; includeInIndex = 0; path = LyricsFluencer.app; sourceTree = BUILT_PRODUCTS_DIR; };
		C42044F929990571009699F7 /* LyricsFluencer.swift */ = {isa = PBXFileReference; lastKnownFileType = sourcecode.swift; path = LyricsFluencer.swift; sourceTree = "<group>"; };
		C42044FD29990574009699F7 /* Assets.xcassets */ = {isa = PBXFileReference; lastKnownFileType = folder.assetcatalog; path = Assets.xcassets; sourceTree = "<group>"; };
		C420450029990574009699F7 /* Preview Assets.xcassets */ = {isa = PBXFileReference; lastKnownFileType = folder.assetcatalog; path = "Preview Assets.xcassets"; sourceTree = "<group>"; };
		C4204509299905A2009699F7 /* LoginView.swift */ = {isa = PBXFileReference; lastKnownFileType = sourcecode.swift; path = LoginView.swift; sourceTree = "<group>"; };
		C420450D299905EC009699F7 /* HomeView.swift */ = {isa = PBXFileReference; lastKnownFileType = sourcecode.swift; path = HomeView.swift; sourceTree = "<group>"; };
		C420453929992A78009699F7 /* LyricsView.swift */ = {isa = PBXFileReference; lastKnownFileType = sourcecode.swift; path = LyricsView.swift; sourceTree = "<group>"; };
		C4204540299945D2009699F7 /* LyricsApiData.swift */ = {isa = PBXFileReference; lastKnownFileType = sourcecode.swift; path = LyricsApiData.swift; sourceTree = "<group>"; };
		C420454229995FF0009699F7 /* Language.swift */ = {isa = PBXFileReference; lastKnownFileType = sourcecode.swift; path = Language.swift; sourceTree = "<group>"; };
		C434F3F729DDA38A00DF07E8 /* LocaleStorageModel.swift */ = {isa = PBXFileReference; lastKnownFileType = sourcecode.swift; path = LocaleStorageModel.swift; sourceTree = "<group>"; };
		C434F3F929DDAA3C00DF07E8 /* UserModel.swift */ = {isa = PBXFileReference; lastKnownFileType = sourcecode.swift; path = UserModel.swift; sourceTree = "<group>"; };
		C443137E29AA2BE3007D7CA9 /* DeckSettingsHandler.swift */ = {isa = PBXFileReference; lastKnownFileType = sourcecode.swift; path = DeckSettingsHandler.swift; sourceTree = "<group>"; };
		C443138029AA344E007D7CA9 /* DecksViewHandler.swift */ = {isa = PBXFileReference; lastKnownFileType = sourcecode.swift; path = DecksViewHandler.swift; sourceTree = "<group>"; };
		C443138429AA39D7007D7CA9 /* CardViewHandler.swift */ = {isa = PBXFileReference; lastKnownFileType = sourcecode.swift; path = CardViewHandler.swift; sourceTree = "<group>"; };
		C443138629AA485B007D7CA9 /* EditCardsView.swift */ = {isa = PBXFileReference; lastKnownFileType = sourcecode.swift; path = EditCardsView.swift; sourceTree = "<group>"; };
		C443138829AA4B9E007D7CA9 /* EditCardViewHandler.swift */ = {isa = PBXFileReference; lastKnownFileType = sourcecode.swift; path = EditCardViewHandler.swift; sourceTree = "<group>"; };
		C44F2D2E29AA8BBC004A28AA /* LoginViewController.swift */ = {isa = PBXFileReference; lastKnownFileType = sourcecode.swift; path = LoginViewController.swift; sourceTree = "<group>"; };
		C44F2D3029AA986B004A28AA /* HomeViewController.swift */ = {isa = PBXFileReference; lastKnownFileType = sourcecode.swift; path = HomeViewController.swift; sourceTree = "<group>"; };
		C44F2D3229AAA06D004A28AA /* LyricsViewController.swift */ = {isa = PBXFileReference; lastKnownFileType = sourcecode.swift; path = LyricsViewController.swift; sourceTree = "<group>"; };
		C47536532CD7EC48006F71E7 /* GoogleService-Info.plist */ = {isa = PBXFileReference; lastKnownFileType = text.plist.xml; path = "GoogleService-Info.plist"; sourceTree = "<group>"; };
		C47536552CD7ED85006F71E7 /* DeckModel.swift */ = {isa = PBXFileReference; lastKnownFileType = sourcecode.swift; path = DeckModel.swift; sourceTree = "<group>"; };
		C47536582CD7FEA7006F71E7 /* DeckView.swift */ = {isa = PBXFileReference; lastKnownFileType = sourcecode.swift; path = DeckView.swift; sourceTree = "<group>"; };
		C475365B2CD80148006F71E7 /* EditCardsViewCard.swift */ = {isa = PBXFileReference; lastKnownFileType = sourcecode.swift; path = EditCardsViewCard.swift; sourceTree = "<group>"; };
		C475365D2CD80B59006F71E7 /* Card.swift */ = {isa = PBXFileReference; lastKnownFileType = sourcecode.swift; path = Card.swift; sourceTree = "<group>"; };
		C475365F2CD8128A006F71E7 /* DeckContext.swift */ = {isa = PBXFileReference; lastKnownFileType = sourcecode.swift; path = DeckContext.swift; sourceTree = "<group>"; };
		C47536612CD83356006F71E7 /* SongContext.swift */ = {isa = PBXFileReference; lastKnownFileType = sourcecode.swift; path = SongContext.swift; sourceTree = "<group>"; };
		C47536632CD8375E006F71E7 /* SongApiModel.swift */ = {isa = PBXFileReference; lastKnownFileType = sourcecode.swift; path = SongApiModel.swift; sourceTree = "<group>"; };
		C47536662CD83929006F71E7 /* ManualSearchResponse.swift */ = {isa = PBXFileReference; lastKnownFileType = sourcecode.swift; path = ManualSearchResponse.swift; sourceTree = "<group>"; };
		C47536682CD83B81006F71E7 /* SelectedSongResponse.swift */ = {isa = PBXFileReference; lastKnownFileType = sourcecode.swift; path = SelectedSongResponse.swift; sourceTree = "<group>"; };
		C475366A2CD83E0F006F71E7 /* QuickSearchResponse.swift */ = {isa = PBXFileReference; lastKnownFileType = sourcecode.swift; path = QuickSearchResponse.swift; sourceTree = "<group>"; };
		C47536712CD8AD5F006F71E7 /* WordView.swift */ = {isa = PBXFileReference; lastKnownFileType = sourcecode.swift; path = WordView.swift; sourceTree = "<group>"; };
		C47536732CD8AD82006F71E7 /* AddWordView.swift */ = {isa = PBXFileReference; lastKnownFileType = sourcecode.swift; path = AddWordView.swift; sourceTree = "<group>"; };
		C47536752CD8ADBF006F71E7 /* PopUpWebView.swift */ = {isa = PBXFileReference; lastKnownFileType = sourcecode.swift; path = PopUpWebView.swift; sourceTree = "<group>"; };
		C47536772CD8ADF1006F71E7 /* VisualEffectView.swift */ = {isa = PBXFileReference; lastKnownFileType = sourcecode.swift; path = VisualEffectView.swift; sourceTree = "<group>"; };
		C47536792CD8AF74006F71E7 /* LyricBarView.swift */ = {isa = PBXFileReference; lastKnownFileType = sourcecode.swift; path = LyricBarView.swift; sourceTree = "<group>"; };
		C475367B2CD8AF80006F71E7 /* TranslationBarView.swift */ = {isa = PBXFileReference; lastKnownFileType = sourcecode.swift; path = TranslationBarView.swift; sourceTree = "<group>"; };
		C475367E2CD8B525006F71E7 /* ManualSearchView.swift */ = {isa = PBXFileReference; lastKnownFileType = sourcecode.swift; path = ManualSearchView.swift; sourceTree = "<group>"; };
		C47536802CD8B58E006F71E7 /* ResultView.swift */ = {isa = PBXFileReference; lastKnownFileType = sourcecode.swift; path = ResultView.swift; sourceTree = "<group>"; };
		C47536822CD8CD98006F71E7 /* ApiError.swift */ = {isa = PBXFileReference; lastKnownFileType = sourcecode.swift; path = ApiError.swift; sourceTree = "<group>"; };
		C492FA3329BA52CD003A07E9 /* User.swift */ = {isa = PBXFileReference; lastKnownFileType = sourcecode.swift; path = User.swift; sourceTree = "<group>"; };
		C49E86062CFAE43D00177B7B /* CreateDeckResponse.swift */ = {isa = PBXFileReference; lastKnownFileType = sourcecode.swift; path = CreateDeckResponse.swift; sourceTree = "<group>"; };
		C49E86082CFAE5BF00177B7B /* DeckProtocol.swift */ = {isa = PBXFileReference; lastKnownFileType = sourcecode.swift; path = DeckProtocol.swift; sourceTree = "<group>"; };
		C49E860A2CFAECE300177B7B /* CreateCardResponse.swift */ = {isa = PBXFileReference; lastKnownFileType = sourcecode.swift; path = CreateCardResponse.swift; sourceTree = "<group>"; };
		C4B0824E29B4FEA800640349 /* PlanApiData.swift */ = {isa = PBXFileReference; lastKnownFileType = sourcecode.swift; path = PlanApiData.swift; sourceTree = "<group>"; };
		C4B38AA929A3602300EEFAF9 /* Constants.swift */ = {isa = PBXFileReference; lastKnownFileType = sourcecode.swift; path = Constants.swift; sourceTree = "<group>"; };
		C4BE115E29B7EAB20064D8FC /* Extensions.swift */ = {isa = PBXFileReference; lastKnownFileType = sourcecode.swift; path = Extensions.swift; sourceTree = "<group>"; };
		C4BE116229B7ECC60064D8FC /* SettingsView.swift */ = {isa = PBXFileReference; lastKnownFileType = sourcecode.swift; path = SettingsView.swift; sourceTree = "<group>"; };
		C4BE116429B8B5CD0064D8FC /* Info.plist */ = {isa = PBXFileReference; lastKnownFileType = text.plist; path = Info.plist; sourceTree = "<group>"; };
		C4C1AFCF29E73A9400CA5D18 /* RegisterView.swift */ = {isa = PBXFileReference; lastKnownFileType = sourcecode.swift; path = RegisterView.swift; sourceTree = "<group>"; };
		C4C1AFD129E73B4A00CA5D18 /* RegisterViewController.swift */ = {isa = PBXFileReference; lastKnownFileType = sourcecode.swift; path = RegisterViewController.swift; sourceTree = "<group>"; };
		C4C1AFD329E7488C00CA5D18 /* DeleteAccountResponse.swift */ = {isa = PBXFileReference; lastKnownFileType = sourcecode.swift; path = DeleteAccountResponse.swift; sourceTree = "<group>"; };
		C4C58F4729A823D8009120C8 /* DecksView.swift */ = {isa = PBXFileReference; lastKnownFileType = sourcecode.swift; path = DecksView.swift; sourceTree = "<group>"; };
		C4C58F4929A893FE009120C8 /* Deck.swift */ = {isa = PBXFileReference; lastKnownFileType = sourcecode.swift; path = Deck.swift; sourceTree = "<group>"; };
		C4C58F4B29A90304009120C8 /* DeckSettingsView.swift */ = {isa = PBXFileReference; lastKnownFileType = sourcecode.swift; path = DeckSettingsView.swift; sourceTree = "<group>"; };
		C4C58F4D29A91AEB009120C8 /* CardView.swift */ = {isa = PBXFileReference; lastKnownFileType = sourcecode.swift; path = CardView.swift; sourceTree = "<group>"; };
		C4D2EF6B2CF85C6500E3AB4C /* GetDecksResponse.swift */ = {isa = PBXFileReference; lastKnownFileType = sourcecode.swift; path = GetDecksResponse.swift; sourceTree = "<group>"; };
		C4D82A5529BF70D1009A3342 /* ReusableViews.swift */ = {isa = PBXFileReference; lastKnownFileType = sourcecode.swift; path = ReusableViews.swift; sourceTree = "<group>"; };
		C4E0D4542CD90B1D00AE0C87 /* UserContext.swift */ = {isa = PBXFileReference; lastKnownFileType = sourcecode.swift; path = UserContext.swift; sourceTree = "<group>"; };
		C4E0D4562CD91EC300AE0C87 /* QuickSearchInput.swift */ = {isa = PBXFileReference; lastKnownFileType = sourcecode.swift; path = QuickSearchInput.swift; sourceTree = "<group>"; };
		C4E0D4582CD91F1600AE0C87 /* TrailExpiredButton.swift */ = {isa = PBXFileReference; lastKnownFileType = sourcecode.swift; path = TrailExpiredButton.swift; sourceTree = "<group>"; };
		C4E0D45A2CD91F6100AE0C87 /* TrialExpiredView.swift */ = {isa = PBXFileReference; lastKnownFileType = sourcecode.swift; path = TrialExpiredView.swift; sourceTree = "<group>"; };
		C4E0D45C2CD9211800AE0C87 /* QuickSearchButton.swift */ = {isa = PBXFileReference; lastKnownFileType = sourcecode.swift; path = QuickSearchButton.swift; sourceTree = "<group>"; };
		C4F2267829DF83760082B9F1 /* BrowseView.swift */ = {isa = PBXFileReference; lastKnownFileType = sourcecode.swift; path = BrowseView.swift; sourceTree = "<group>"; };
		C4F2267A29DF841B0082B9F1 /* BrowseViewController.swift */ = {isa = PBXFileReference; lastKnownFileType = sourcecode.swift; path = BrowseViewController.swift; sourceTree = "<group>"; };
		C4F2267C29DF8C850082B9F1 /* PopularSongsResponse.swift */ = {isa = PBXFileReference; lastKnownFileType = sourcecode.swift; path = PopularSongsResponse.swift; sourceTree = "<group>"; };
		C4FEEAA02CDB4787003BA67E /* SettingsViewController.swift */ = {isa = PBXFileReference; lastKnownFileType = sourcecode.swift; path = SettingsViewController.swift; sourceTree = "<group>"; };
		C4FEEAA32CDB4938003BA67E /* LanguageMenuView.swift */ = {isa = PBXFileReference; lastKnownFileType = sourcecode.swift; path = LanguageMenuView.swift; sourceTree = "<group>"; };
		C4FEEAA62CDB49ED003BA67E /* LanguageUtil.swift */ = {isa = PBXFileReference; lastKnownFileType = sourcecode.swift; path = LanguageUtil.swift; sourceTree = "<group>"; };
		C4FEEAA82CDB4E10003BA67E /* DeleteAccountModal.swift */ = {isa = PBXFileReference; lastKnownFileType = sourcecode.swift; path = DeleteAccountModal.swift; sourceTree = "<group>"; };
		C4FEEAAB2CDB5071003BA67E /* DeleteAccountButton.swift */ = {isa = PBXFileReference; lastKnownFileType = sourcecode.swift; path = DeleteAccountButton.swift; sourceTree = "<group>"; };
		C4FEEAB12CDB865F003BA67E /* ErrorModal.swift */ = {isa = PBXFileReference; lastKnownFileType = sourcecode.swift; path = ErrorModal.swift; sourceTree = "<group>"; };
		C4FEEAB32CDB8E92003BA67E /* LyricsUtil.swift */ = {isa = PBXFileReference; lastKnownFileType = sourcecode.swift; path = LyricsUtil.swift; sourceTree = "<group>"; };
/* End PBXFileReference section */

/* Begin PBXFrameworksBuildPhase section */
		C42044F329990571009699F7 /* Frameworks */ = {
			isa = PBXFrameworksBuildPhase;
			buildActionMask = 2147483647;
			files = (
				C420451129990D60009699F7 /* FirebaseAuth in Frameworks */,
				C4B38AAD29A39B2500EEFAF9 /* WrappingHStack in Frameworks */,
				C420451329990D60009699F7 /* FirebaseFirestore in Frameworks */,
			);
			runOnlyForDeploymentPostprocessing = 0;
		};
/* End PBXFrameworksBuildPhase section */

/* Begin PBXGroup section */
		C42044ED29990571009699F7 = {
			isa = PBXGroup;
			children = (
				C42044F829990571009699F7 /* LyricsFluencer */,
				C42044F729990571009699F7 /* Products */,
			);
			sourceTree = "<group>";
		};
		C42044F729990571009699F7 /* Products */ = {
			isa = PBXGroup;
			children = (
				C42044F629990571009699F7 /* LyricsFluencer.app */,
			);
			name = Products;
			sourceTree = "<group>";
		};
		C42044F829990571009699F7 /* LyricsFluencer */ = {
			isa = PBXGroup;
			children = (
				C4FEEAA52CDB49E5003BA67E /* Util */,
				C4BE116429B8B5CD0064D8FC /* Info.plist */,
				C420450829990580009699F7 /* Models */,
				C42045072999057A009699F7 /* Views */,
				C434F3F629DD9BF300DF07E8 /* Controller */,
				C42044F929990571009699F7 /* LyricsFluencer.swift */,
				C4BE115E29B7EAB20064D8FC /* Extensions.swift */,
				C42044FD29990574009699F7 /* Assets.xcassets */,
				C42044FF29990574009699F7 /* Preview Content */,
				C47536532CD7EC48006F71E7 /* GoogleService-Info.plist */,
			);
			path = LyricsFluencer;
			sourceTree = "<group>";
		};
		C42044FF29990574009699F7 /* Preview Content */ = {
			isa = PBXGroup;
			children = (
				C420450029990574009699F7 /* Preview Assets.xcassets */,
			);
			path = "Preview Content";
			sourceTree = "<group>";
		};
		C42045072999057A009699F7 /* Views */ = {
			isa = PBXGroup;
			children = (
				C475366D2CD841E4006F71E7 /* RegisterView */,
				C475366C2CD841DC006F71E7 /* LoginView */,
				C420453B29992A89009699F7 /* ProtectedViews */,
				C47536572CD7FE96006F71E7 /* Components */,
			);
			path = Views;
			sourceTree = "<group>";
		};
		C420450829990580009699F7 /* Models */ = {
			isa = PBXGroup;
			children = (
				C4D2EF692CF85C3700E3AB4C /* Flashcards */,
				C47536652CD83774006F71E7 /* SongApiModel */,
				C4B38AA929A3602300EEFAF9 /* Constants.swift */,
				C44F2D2B29AA8B7B004A28AA /* Types */,
				C434F3F729DDA38A00DF07E8 /* LocaleStorageModel.swift */,
				C434F3F929DDAA3C00DF07E8 /* UserModel.swift */,
			);
			path = Models;
			sourceTree = "<group>";
		};
		C420453B29992A89009699F7 /* ProtectedViews */ = {
			isa = PBXGroup;
			children = (
				C4FEEAA22CDB491A003BA67E /* SettingsView */,
				C475367D2CD8B51A006F71E7 /* BrowseView */,
				C475366F2CD84205006F71E7 /* LyricsView */,
				C475366E2CD841FA006F71E7 /* HomeView */,
				C443138229AA3942007D7CA9 /* Flashcards */,
			);
			path = ProtectedViews;
			sourceTree = "<group>";
		};
		C434F3F629DD9BF300DF07E8 /* Controller */ = {
			isa = PBXGroup;
			children = (
				C4FEEAA02CDB4787003BA67E /* SettingsViewController.swift */,
				C4E0D4542CD90B1D00AE0C87 /* UserContext.swift */,
				C47536612CD83356006F71E7 /* SongContext.swift */,
				C475365F2CD8128A006F71E7 /* DeckContext.swift */,
				C406045629A2138900D56C0D /* AppContext.swift */,
				C4C1AFD129E73B4A00CA5D18 /* RegisterViewController.swift */,
				C44F2D2E29AA8BBC004A28AA /* LoginViewController.swift */,
				C44F2D3029AA986B004A28AA /* HomeViewController.swift */,
				C44F2D3229AAA06D004A28AA /* LyricsViewController.swift */,
				C4F2267A29DF841B0082B9F1 /* BrowseViewController.swift */,
				C443138329AA3960007D7CA9 /* Flashcards */,
			);
			path = Controller;
			sourceTree = "<group>";
		};
		C443138229AA3942007D7CA9 /* Flashcards */ = {
			isa = PBXGroup;
			children = (
				C47536702CD84239006F71E7 /* DecksView */,
				C4C58F4B29A90304009120C8 /* DeckSettingsView.swift */,
				C4C58F4D29A91AEB009120C8 /* CardView.swift */,
				C443138629AA485B007D7CA9 /* EditCardsView.swift */,
				C475365B2CD80148006F71E7 /* EditCardsViewCard.swift */,
			);
			path = Flashcards;
			sourceTree = "<group>";
		};
		C443138329AA3960007D7CA9 /* Flashcards */ = {
			isa = PBXGroup;
			children = (
				C443138029AA344E007D7CA9 /* DecksViewHandler.swift */,
				C443137E29AA2BE3007D7CA9 /* DeckSettingsHandler.swift */,
				C443138429AA39D7007D7CA9 /* CardViewHandler.swift */,
				C443138829AA4B9E007D7CA9 /* EditCardViewHandler.swift */,
			);
			path = Flashcards;
			sourceTree = "<group>";
		};
		C44F2D2B29AA8B7B004A28AA /* Types */ = {
			isa = PBXGroup;
			children = (
				C475365D2CD80B59006F71E7 /* Card.swift */,
				C492FA3329BA52CD003A07E9 /* User.swift */,
				C406045829A21BEC00D56C0D /* Song.swift */,
				C420454229995FF0009699F7 /* Language.swift */,
				C492FA3529BA6430003A07E9 /* Api */,
				C4C58F4929A893FE009120C8 /* Deck.swift */,
			);
			path = Types;
			sourceTree = "<group>";
		};
		C47536572CD7FE96006F71E7 /* Components */ = {
			isa = PBXGroup;
			children = (
				C4FEEAB12CDB865F003BA67E /* ErrorModal.swift */,
				C4D82A5529BF70D1009A3342 /* ReusableViews.swift */,
			);
			path = Components;
			sourceTree = "<group>";
		};
		C47536652CD83774006F71E7 /* SongApiModel */ = {
			isa = PBXGroup;
			children = (
				C4FEEA9F2CDAC192003BA67E /* Types */,
				C47536632CD8375E006F71E7 /* SongApiModel.swift */,
			);
			path = SongApiModel;
			sourceTree = "<group>";
		};
		C475366C2CD841DC006F71E7 /* LoginView */ = {
			isa = PBXGroup;
			children = (
				C4204509299905A2009699F7 /* LoginView.swift */,
			);
			path = LoginView;
			sourceTree = "<group>";
		};
		C475366D2CD841E4006F71E7 /* RegisterView */ = {
			isa = PBXGroup;
			children = (
				C4C1AFCF29E73A9400CA5D18 /* RegisterView.swift */,
			);
			path = RegisterView;
			sourceTree = "<group>";
		};
		C475366E2CD841FA006F71E7 /* HomeView */ = {
			isa = PBXGroup;
			children = (
				C4E0D45C2CD9211800AE0C87 /* QuickSearchButton.swift */,
				C4E0D45A2CD91F6100AE0C87 /* TrialExpiredView.swift */,
				C4E0D4582CD91F1600AE0C87 /* TrailExpiredButton.swift */,
				C4E0D4562CD91EC300AE0C87 /* QuickSearchInput.swift */,
				C420450D299905EC009699F7 /* HomeView.swift */,
			);
			path = HomeView;
			sourceTree = "<group>";
		};
		C475366F2CD84205006F71E7 /* LyricsView */ = {
			isa = PBXGroup;
			children = (
				C4FEEAB02CDB5243003BA67E /* WordView */,
				C475367B2CD8AF80006F71E7 /* TranslationBarView.swift */,
				C47536792CD8AF74006F71E7 /* LyricBarView.swift */,
				C47536772CD8ADF1006F71E7 /* VisualEffectView.swift */,
				C47536752CD8ADBF006F71E7 /* PopUpWebView.swift */,
				C47536732CD8AD82006F71E7 /* AddWordView.swift */,
				C420453929992A78009699F7 /* LyricsView.swift */,
			);
			path = LyricsView;
			sourceTree = "<group>";
		};
		C47536702CD84239006F71E7 /* DecksView */ = {
			isa = PBXGroup;
			children = (
				C4C58F4729A823D8009120C8 /* DecksView.swift */,
				C47536582CD7FEA7006F71E7 /* DeckView.swift */,
			);
			path = DecksView;
			sourceTree = "<group>";
		};
		C475367D2CD8B51A006F71E7 /* BrowseView */ = {
			isa = PBXGroup;
			children = (
				C47536802CD8B58E006F71E7 /* ResultView.swift */,
				C475367E2CD8B525006F71E7 /* ManualSearchView.swift */,
				C4F2267829DF83760082B9F1 /* BrowseView.swift */,
			);
			path = BrowseView;
			sourceTree = "<group>";
		};
		C492FA3529BA6430003A07E9 /* Api */ = {
			isa = PBXGroup;
			children = (
				C4B0824E29B4FEA800640349 /* PlanApiData.swift */,
			);
			path = Api;
			sourceTree = "<group>";
		};
		C4D2EF692CF85C3700E3AB4C /* Flashcards */ = {
			isa = PBXGroup;
			children = (
				C49E86082CFAE5BF00177B7B /* DeckProtocol.swift */,
				C4D2EF6A2CF85C4100E3AB4C /* types */,
				C47536552CD7ED85006F71E7 /* DeckModel.swift */,
			);
			path = Flashcards;
			sourceTree = "<group>";
		};
		C4D2EF6A2CF85C4100E3AB4C /* types */ = {
			isa = PBXGroup;
			children = (
				C49E860A2CFAECE300177B7B /* CreateCardResponse.swift */,
				C49E86062CFAE43D00177B7B /* CreateDeckResponse.swift */,
				C4D2EF6B2CF85C6500E3AB4C /* GetDecksResponse.swift */,
			);
			path = types;
			sourceTree = "<group>";
		};
		C4FEEA9F2CDAC192003BA67E /* Types */ = {
			isa = PBXGroup;
			children = (
				C47536822CD8CD98006F71E7 /* ApiError.swift */,
				C475366A2CD83E0F006F71E7 /* QuickSearchResponse.swift */,
				C47536682CD83B81006F71E7 /* SelectedSongResponse.swift */,
				C47536662CD83929006F71E7 /* ManualSearchResponse.swift */,
				C4204540299945D2009699F7 /* LyricsApiData.swift */,
				C4F2267C29DF8C850082B9F1 /* PopularSongsResponse.swift */,
				C4C1AFD329E7488C00CA5D18 /* DeleteAccountResponse.swift */,
			);
			path = Types;
			sourceTree = "<group>";
		};
		C4FEEAA22CDB491A003BA67E /* SettingsView */ = {
			isa = PBXGroup;
			children = (
				C4FEEAAB2CDB5071003BA67E /* DeleteAccountButton.swift */,
				C4FEEAA82CDB4E10003BA67E /* DeleteAccountModal.swift */,
				C4FEEAA32CDB4938003BA67E /* LanguageMenuView.swift */,
				C4BE116229B7ECC60064D8FC /* SettingsView.swift */,
			);
			path = SettingsView;
			sourceTree = "<group>";
		};
		C4FEEAA52CDB49E5003BA67E /* Util */ = {
			isa = PBXGroup;
			children = (
				C4FEEAB32CDB8E92003BA67E /* LyricsUtil.swift */,
				C4FEEAA62CDB49ED003BA67E /* LanguageUtil.swift */,
			);
			path = Util;
			sourceTree = "<group>";
		};
		C4FEEAB02CDB5243003BA67E /* WordView */ = {
			isa = PBXGroup;
			children = (
				C47536712CD8AD5F006F71E7 /* WordView.swift */,
			);
			path = WordView;
			sourceTree = "<group>";
		};
/* End PBXGroup section */

/* Begin PBXNativeTarget section */
		C42044F529990571009699F7 /* LyricsFluencer */ = {
			isa = PBXNativeTarget;
			buildConfigurationList = C420450429990574009699F7 /* Build configuration list for PBXNativeTarget "LyricsFluencer" */;
			buildPhases = (
				C42044F229990571009699F7 /* Sources */,
				C42044F329990571009699F7 /* Frameworks */,
				C42044F429990571009699F7 /* Resources */,
			);
			buildRules = (
			);
			dependencies = (
			);
			name = LyricsFluencer;
			packageProductDependencies = (
				C420451029990D60009699F7 /* FirebaseAuth */,
				C420451229990D60009699F7 /* FirebaseFirestore */,
				C4B38AAC29A39B2500EEFAF9 /* WrappingHStack */,
			);
			productName = TranslationApp;
			productReference = C42044F629990571009699F7 /* LyricsFluencer.app */;
			productType = "com.apple.product-type.application";
		};
/* End PBXNativeTarget section */

/* Begin PBXProject section */
		C42044EE29990571009699F7 /* Project object */ = {
			isa = PBXProject;
			attributes = {
				BuildIndependentTargetsInParallel = 1;
				LastSwiftUpdateCheck = 1420;
				LastUpgradeCheck = 1420;
				TargetAttributes = {
					C42044F529990571009699F7 = {
						CreatedOnToolsVersion = 14.2;
					};
				};
			};
			buildConfigurationList = C42044F129990571009699F7 /* Build configuration list for PBXProject "LyricsFluencer" */;
			compatibilityVersion = "Xcode 14.0";
			developmentRegion = en;
			hasScannedForEncodings = 0;
			knownRegions = (
				en,
				Base,
			);
			mainGroup = C42044ED29990571009699F7;
			packageReferences = (
				C420450F29990D60009699F7 /* XCRemoteSwiftPackageReference "firebase-ios-sdk" */,
				C4B38AAB29A39B2500EEFAF9 /* XCRemoteSwiftPackageReference "WrappingHStack" */,
			);
			productRefGroup = C42044F729990571009699F7 /* Products */;
			projectDirPath = "";
			projectRoot = "";
			targets = (
				C42044F529990571009699F7 /* LyricsFluencer */,
			);
		};
/* End PBXProject section */

/* Begin PBXResourcesBuildPhase section */
		C42044F429990571009699F7 /* Resources */ = {
			isa = PBXResourcesBuildPhase;
			buildActionMask = 2147483647;
			files = (
				C420450129990574009699F7 /* Preview Assets.xcassets in Resources */,
				C42044FE29990574009699F7 /* Assets.xcassets in Resources */,
				C47536542CD7EC48006F71E7 /* GoogleService-Info.plist in Resources */,
			);
			runOnlyForDeploymentPostprocessing = 0;
		};
/* End PBXResourcesBuildPhase section */

/* Begin PBXSourcesBuildPhase section */
		C42044F229990571009699F7 /* Sources */ = {
			isa = PBXSourcesBuildPhase;
			buildActionMask = 2147483647;
			files = (
				C4C1AFD429E7488C00CA5D18 /* DeleteAccountResponse.swift in Sources */,
				C475366B2CD83E13006F71E7 /* QuickSearchResponse.swift in Sources */,
				C475367A2CD8AF7B006F71E7 /* LyricBarView.swift in Sources */,
				C4C1AFD229E73B4A00CA5D18 /* RegisterViewController.swift in Sources */,
				C4E0D4572CD91EC800AE0C87 /* QuickSearchInput.swift in Sources */,
				C47536812CD8B597006F71E7 /* ResultView.swift in Sources */,
				C4C1AFD029E73A9400CA5D18 /* RegisterView.swift in Sources */,
				C47536642CD83767006F71E7 /* SongApiModel.swift in Sources */,
				C4D2EF6C2CF85C6B00E3AB4C /* GetDecksResponse.swift in Sources */,
				C4204541299945D2009699F7 /* LyricsApiData.swift in Sources */,
				C475365E2CD80B5B006F71E7 /* Card.swift in Sources */,
				C4B0824F29B4FEA800640349 /* PlanApiData.swift in Sources */,
				C4FEEAB42CDB8E97003BA67E /* LyricsUtil.swift in Sources */,
				C420453A29992A78009699F7 /* LyricsView.swift in Sources */,
				C406045929A21BEC00D56C0D /* Song.swift in Sources */,
				C47536762CD8ADC5006F71E7 /* PopUpWebView.swift in Sources */,
				C49E86072CFAE44200177B7B /* CreateDeckResponse.swift in Sources */,
				C443137F29AA2BE3007D7CA9 /* DeckSettingsHandler.swift in Sources */,
				C406045729A2138900D56C0D /* AppContext.swift in Sources */,
				C4E0D4552CD90B2100AE0C87 /* UserContext.swift in Sources */,
				C420450A299905A2009699F7 /* LoginView.swift in Sources */,
				C434F3FA29DDAA3C00DF07E8 /* UserModel.swift in Sources */,
				C47536722CD8AD62006F71E7 /* WordView.swift in Sources */,
				C4FEEAA42CDB493D003BA67E /* LanguageMenuView.swift in Sources */,
				C44F2D3129AA986B004A28AA /* HomeViewController.swift in Sources */,
				C443138129AA344E007D7CA9 /* DecksViewHandler.swift in Sources */,
				C4C58F4C29A90304009120C8 /* DeckSettingsView.swift in Sources */,
				C4FEEAA12CDB478C003BA67E /* SettingsViewController.swift in Sources */,
				C44F2D3329AAA06D004A28AA /* LyricsViewController.swift in Sources */,
				C434F3F829DDA38A00DF07E8 /* LocaleStorageModel.swift in Sources */,
				C443138729AA485B007D7CA9 /* EditCardsView.swift in Sources */,
				C443138929AA4B9E007D7CA9 /* EditCardViewHandler.swift in Sources */,
				C420454329995FF0009699F7 /* Language.swift in Sources */,
				C4B38AAA29A3602300EEFAF9 /* Constants.swift in Sources */,
				C4C58F4A29A893FE009120C8 /* Deck.swift in Sources */,
				C47536672CD8392F006F71E7 /* ManualSearchResponse.swift in Sources */,
				C420450E299905EC009699F7 /* HomeView.swift in Sources */,
				C4FEEAB22CDB8669003BA67E /* ErrorModal.swift in Sources */,
				C47536562CD7ED88006F71E7 /* DeckModel.swift in Sources */,
				C4FEEAA72CDB49F0003BA67E /* LanguageUtil.swift in Sources */,
				C4FEEAAC2CDB5075003BA67E /* DeleteAccountButton.swift in Sources */,
				C4C58F4829A823D8009120C8 /* DecksView.swift in Sources */,
				C4E0D4592CD91F1C00AE0C87 /* TrailExpiredButton.swift in Sources */,
				C492FA3429BA52CD003A07E9 /* User.swift in Sources */,
				C4F2267D29DF8C850082B9F1 /* PopularSongsResponse.swift in Sources */,
				C4F2267929DF83760082B9F1 /* BrowseView.swift in Sources */,
				C475365C2CD8014D006F71E7 /* EditCardsViewCard.swift in Sources */,
				C4FEEAA92CDB4E15003BA67E /* DeleteAccountModal.swift in Sources */,
				C475367C2CD8AF84006F71E7 /* TranslationBarView.swift in Sources */,
				C4BE116329B7ECC60064D8FC /* SettingsView.swift in Sources */,
				C47536592CD7FEA9006F71E7 /* DeckView.swift in Sources */,
				C47536782CD8ADF7006F71E7 /* VisualEffectView.swift in Sources */,
				C4BE115F29B7EAB20064D8FC /* Extensions.swift in Sources */,
				C4C58F4E29A91AEB009120C8 /* CardView.swift in Sources */,
				C47536602CD8128F006F71E7 /* DeckContext.swift in Sources */,
				C4E0D45B2CD91F6500AE0C87 /* TrialExpiredView.swift in Sources */,
				C42044FA29990571009699F7 /* LyricsFluencer.swift in Sources */,
				C475367F2CD8B535006F71E7 /* ManualSearchView.swift in Sources */,
				C49E86092CFAE5C200177B7B /* DeckProtocol.swift in Sources */,
				C443138529AA39D7007D7CA9 /* CardViewHandler.swift in Sources */,
				C47536622CD83359006F71E7 /* SongContext.swift in Sources */,
				C47536832CD8CD9C006F71E7 /* ApiError.swift in Sources */,
				C49E860B2CFAECE700177B7B /* CreateCardResponse.swift in Sources */,
				C47536692CD83B86006F71E7 /* SelectedSongResponse.swift in Sources */,
				C44F2D2F29AA8BBC004A28AA /* LoginViewController.swift in Sources */,
				C4F2267B29DF841B0082B9F1 /* BrowseViewController.swift in Sources */,
				C4D82A5629BF70D1009A3342 /* ReusableViews.swift in Sources */,
				C47536742CD8AD85006F71E7 /* AddWordView.swift in Sources */,
				C4E0D45D2CD9211C00AE0C87 /* QuickSearchButton.swift in Sources */,
			);
			runOnlyForDeploymentPostprocessing = 0;
		};
/* End PBXSourcesBuildPhase section */

/* Begin XCBuildConfiguration section */
		C420450229990574009699F7 /* Debug */ = {
			isa = XCBuildConfiguration;
			buildSettings = {
				ALWAYS_SEARCH_USER_PATHS = NO;
				CLANG_ANALYZER_NONNULL = YES;
				CLANG_ANALYZER_NUMBER_OBJECT_CONVERSION = YES_AGGRESSIVE;
				CLANG_CXX_LANGUAGE_STANDARD = "gnu++20";
				CLANG_ENABLE_MODULES = YES;
				CLANG_ENABLE_OBJC_ARC = YES;
				CLANG_ENABLE_OBJC_WEAK = YES;
				CLANG_WARN_BLOCK_CAPTURE_AUTORELEASING = YES;
				CLANG_WARN_BOOL_CONVERSION = YES;
				CLANG_WARN_COMMA = YES;
				CLANG_WARN_CONSTANT_CONVERSION = YES;
				CLANG_WARN_DEPRECATED_OBJC_IMPLEMENTATIONS = YES;
				CLANG_WARN_DIRECT_OBJC_ISA_USAGE = YES_ERROR;
				CLANG_WARN_DOCUMENTATION_COMMENTS = YES;
				CLANG_WARN_EMPTY_BODY = YES;
				CLANG_WARN_ENUM_CONVERSION = YES;
				CLANG_WARN_INFINITE_RECURSION = YES;
				CLANG_WARN_INT_CONVERSION = YES;
				CLANG_WARN_NON_LITERAL_NULL_CONVERSION = YES;
				CLANG_WARN_OBJC_IMPLICIT_RETAIN_SELF = YES;
				CLANG_WARN_OBJC_LITERAL_CONVERSION = YES;
				CLANG_WARN_OBJC_ROOT_CLASS = YES_ERROR;
				CLANG_WARN_QUOTED_INCLUDE_IN_FRAMEWORK_HEADER = YES;
				CLANG_WARN_RANGE_LOOP_ANALYSIS = YES;
				CLANG_WARN_STRICT_PROTOTYPES = YES;
				CLANG_WARN_SUSPICIOUS_MOVE = YES;
				CLANG_WARN_UNGUARDED_AVAILABILITY = YES_AGGRESSIVE;
				CLANG_WARN_UNREACHABLE_CODE = YES;
				CLANG_WARN__DUPLICATE_METHOD_MATCH = YES;
				COPY_PHASE_STRIP = NO;
				DEBUG_INFORMATION_FORMAT = dwarf;
				ENABLE_STRICT_OBJC_MSGSEND = YES;
				ENABLE_TESTABILITY = YES;
				GCC_C_LANGUAGE_STANDARD = gnu11;
				GCC_DYNAMIC_NO_PIC = NO;
				GCC_NO_COMMON_BLOCKS = YES;
				GCC_OPTIMIZATION_LEVEL = 0;
				GCC_PREPROCESSOR_DEFINITIONS = (
					"DEBUG=1",
					"$(inherited)",
				);
				GCC_WARN_64_TO_32_BIT_CONVERSION = YES;
				GCC_WARN_ABOUT_RETURN_TYPE = YES_ERROR;
				GCC_WARN_UNDECLARED_SELECTOR = YES;
				GCC_WARN_UNINITIALIZED_AUTOS = YES_AGGRESSIVE;
				GCC_WARN_UNUSED_FUNCTION = YES;
				GCC_WARN_UNUSED_VARIABLE = YES;
				IPHONEOS_DEPLOYMENT_TARGET = 16.0;
				MTL_ENABLE_DEBUG_INFO = INCLUDE_SOURCE;
				MTL_FAST_MATH = YES;
				ONLY_ACTIVE_ARCH = YES;
				SDKROOT = iphoneos;
				SWIFT_ACTIVE_COMPILATION_CONDITIONS = DEBUG;
				SWIFT_OPTIMIZATION_LEVEL = "-Onone";
			};
			name = Debug;
		};
		C420450329990574009699F7 /* Release */ = {
			isa = XCBuildConfiguration;
			buildSettings = {
				ALWAYS_SEARCH_USER_PATHS = NO;
				CLANG_ANALYZER_NONNULL = YES;
				CLANG_ANALYZER_NUMBER_OBJECT_CONVERSION = YES_AGGRESSIVE;
				CLANG_CXX_LANGUAGE_STANDARD = "gnu++20";
				CLANG_ENABLE_MODULES = YES;
				CLANG_ENABLE_OBJC_ARC = YES;
				CLANG_ENABLE_OBJC_WEAK = YES;
				CLANG_WARN_BLOCK_CAPTURE_AUTORELEASING = YES;
				CLANG_WARN_BOOL_CONVERSION = YES;
				CLANG_WARN_COMMA = YES;
				CLANG_WARN_CONSTANT_CONVERSION = YES;
				CLANG_WARN_DEPRECATED_OBJC_IMPLEMENTATIONS = YES;
				CLANG_WARN_DIRECT_OBJC_ISA_USAGE = YES_ERROR;
				CLANG_WARN_DOCUMENTATION_COMMENTS = YES;
				CLANG_WARN_EMPTY_BODY = YES;
				CLANG_WARN_ENUM_CONVERSION = YES;
				CLANG_WARN_INFINITE_RECURSION = YES;
				CLANG_WARN_INT_CONVERSION = YES;
				CLANG_WARN_NON_LITERAL_NULL_CONVERSION = YES;
				CLANG_WARN_OBJC_IMPLICIT_RETAIN_SELF = YES;
				CLANG_WARN_OBJC_LITERAL_CONVERSION = YES;
				CLANG_WARN_OBJC_ROOT_CLASS = YES_ERROR;
				CLANG_WARN_QUOTED_INCLUDE_IN_FRAMEWORK_HEADER = YES;
				CLANG_WARN_RANGE_LOOP_ANALYSIS = YES;
				CLANG_WARN_STRICT_PROTOTYPES = YES;
				CLANG_WARN_SUSPICIOUS_MOVE = YES;
				CLANG_WARN_UNGUARDED_AVAILABILITY = YES_AGGRESSIVE;
				CLANG_WARN_UNREACHABLE_CODE = YES;
				CLANG_WARN__DUPLICATE_METHOD_MATCH = YES;
				COPY_PHASE_STRIP = NO;
				DEBUG_INFORMATION_FORMAT = "dwarf-with-dsym";
				ENABLE_NS_ASSERTIONS = NO;
				ENABLE_STRICT_OBJC_MSGSEND = YES;
				GCC_C_LANGUAGE_STANDARD = gnu11;
				GCC_NO_COMMON_BLOCKS = YES;
				GCC_WARN_64_TO_32_BIT_CONVERSION = YES;
				GCC_WARN_ABOUT_RETURN_TYPE = YES_ERROR;
				GCC_WARN_UNDECLARED_SELECTOR = YES;
				GCC_WARN_UNINITIALIZED_AUTOS = YES_AGGRESSIVE;
				GCC_WARN_UNUSED_FUNCTION = YES;
				GCC_WARN_UNUSED_VARIABLE = YES;
				IPHONEOS_DEPLOYMENT_TARGET = 16.0;
				MTL_ENABLE_DEBUG_INFO = NO;
				MTL_FAST_MATH = YES;
				SDKROOT = iphoneos;
				SWIFT_COMPILATION_MODE = wholemodule;
				SWIFT_OPTIMIZATION_LEVEL = "-O";
				VALIDATE_PRODUCT = YES;
			};
			name = Release;
		};
		C420450529990574009699F7 /* Debug */ = {
			isa = XCBuildConfiguration;
			buildSettings = {
				ASSETCATALOG_COMPILER_APPICON_NAME = AppIcon;
				ASSETCATALOG_COMPILER_GLOBAL_ACCENT_COLOR_NAME = AccentColor;
				CODE_SIGN_STYLE = Automatic;
				CURRENT_PROJECT_VERSION = 2;
				DEVELOPMENT_ASSET_PATHS = "\"LyricsFluencer/Preview Content\"";
				DEVELOPMENT_TEAM = Q8DA5M63VC;
				ENABLE_PREVIEWS = YES;
				GENERATE_INFOPLIST_FILE = YES;
				INFOPLIST_FILE = LyricsFluencer/Info.plist;
				INFOPLIST_KEY_CFBundleDisplayName = LyricsFluencer;
				INFOPLIST_KEY_LSApplicationCategoryType = "public.app-category.education";
				INFOPLIST_KEY_NSMicrophoneUsageDescription = "Provide access to your microphone in order to recognize a song.";
				INFOPLIST_KEY_UIApplicationSceneManifest_Generation = YES;
				INFOPLIST_KEY_UIApplicationSupportsIndirectInputEvents = YES;
				INFOPLIST_KEY_UILaunchScreen_Generation = YES;
				INFOPLIST_KEY_UIRequiresFullScreen = YES;
				INFOPLIST_KEY_UISupportedInterfaceOrientations = UIInterfaceOrientationPortrait;
				IPHONEOS_DEPLOYMENT_TARGET = 16.0;
				LD_RUNPATH_SEARCH_PATHS = (
					"$(inherited)",
					"@executable_path/Frameworks",
				);
				MARKETING_VERSION = 1.0.2;
				PRODUCT_BUNDLE_IDENTIFIER = co.wuerdemann.LyricsFluencer;
				PRODUCT_NAME = "$(TARGET_NAME)";
				SUPPORTED_PLATFORMS = "iphoneos iphonesimulator";
				SUPPORTS_MACCATALYST = NO;
				SUPPORTS_MAC_DESIGNED_FOR_IPHONE_IPAD = NO;
				SWIFT_EMIT_LOC_STRINGS = YES;
				SWIFT_VERSION = 5.0;
				TARGETED_DEVICE_FAMILY = "1,2";
			};
			name = Debug;
		};
		C420450629990574009699F7 /* Release */ = {
			isa = XCBuildConfiguration;
			buildSettings = {
				ASSETCATALOG_COMPILER_APPICON_NAME = AppIcon;
				ASSETCATALOG_COMPILER_GLOBAL_ACCENT_COLOR_NAME = AccentColor;
				CODE_SIGN_STYLE = Automatic;
				CURRENT_PROJECT_VERSION = 2;
				DEVELOPMENT_ASSET_PATHS = "\"LyricsFluencer/Preview Content\"";
				DEVELOPMENT_TEAM = Q8DA5M63VC;
				ENABLE_PREVIEWS = YES;
				GENERATE_INFOPLIST_FILE = YES;
				INFOPLIST_FILE = LyricsFluencer/Info.plist;
				INFOPLIST_KEY_CFBundleDisplayName = LyricsFluencer;
				INFOPLIST_KEY_LSApplicationCategoryType = "public.app-category.education";
				INFOPLIST_KEY_NSMicrophoneUsageDescription = "Provide access to your microphone in order to recognize a song.";
				INFOPLIST_KEY_UIApplicationSceneManifest_Generation = YES;
				INFOPLIST_KEY_UIApplicationSupportsIndirectInputEvents = YES;
				INFOPLIST_KEY_UILaunchScreen_Generation = YES;
				INFOPLIST_KEY_UIRequiresFullScreen = YES;
				INFOPLIST_KEY_UISupportedInterfaceOrientations = UIInterfaceOrientationPortrait;
				IPHONEOS_DEPLOYMENT_TARGET = 16.0;
				LD_RUNPATH_SEARCH_PATHS = (
					"$(inherited)",
					"@executable_path/Frameworks",
				);
				MARKETING_VERSION = 1.0.2;
				PRODUCT_BUNDLE_IDENTIFIER = co.wuerdemann.LyricsFluencer;
				PRODUCT_NAME = "$(TARGET_NAME)";
				SUPPORTED_PLATFORMS = "iphoneos iphonesimulator";
				SUPPORTS_MACCATALYST = NO;
				SUPPORTS_MAC_DESIGNED_FOR_IPHONE_IPAD = NO;
				SWIFT_EMIT_LOC_STRINGS = YES;
				SWIFT_VERSION = 5.0;
				TARGETED_DEVICE_FAMILY = "1,2";
			};
			name = Release;
		};
/* End XCBuildConfiguration section */

/* Begin XCConfigurationList section */
		C42044F129990571009699F7 /* Build configuration list for PBXProject "LyricsFluencer" */ = {
			isa = XCConfigurationList;
			buildConfigurations = (
				C420450229990574009699F7 /* Debug */,
				C420450329990574009699F7 /* Release */,
			);
			defaultConfigurationIsVisible = 0;
			defaultConfigurationName = Release;
		};
		C420450429990574009699F7 /* Build configuration list for PBXNativeTarget "LyricsFluencer" */ = {
			isa = XCConfigurationList;
			buildConfigurations = (
				C420450529990574009699F7 /* Debug */,
				C420450629990574009699F7 /* Release */,
			);
			defaultConfigurationIsVisible = 0;
			defaultConfigurationName = Release;
		};
/* End XCConfigurationList section */

/* Begin XCRemoteSwiftPackageReference section */
		C420450F29990D60009699F7 /* XCRemoteSwiftPackageReference "firebase-ios-sdk" */ = {
			isa = XCRemoteSwiftPackageReference;
			repositoryURL = "https://github.com/firebase/firebase-ios-sdk.git";
			requirement = {
				kind = upToNextMajorVersion;
				minimumVersion = 10.0.0;
			};
		};
		C4B38AAB29A39B2500EEFAF9 /* XCRemoteSwiftPackageReference "WrappingHStack" */ = {
			isa = XCRemoteSwiftPackageReference;
			repositoryURL = "https://github.com/ksemianov/WrappingHStack.git";
			requirement = {
				branch = main;
				kind = branch;
			};
		};
/* End XCRemoteSwiftPackageReference section */

/* Begin XCSwiftPackageProductDependency section */
		C420451029990D60009699F7 /* FirebaseAuth */ = {
			isa = XCSwiftPackageProductDependency;
			package = C420450F29990D60009699F7 /* XCRemoteSwiftPackageReference "firebase-ios-sdk" */;
			productName = FirebaseAuth;
		};
		C420451229990D60009699F7 /* FirebaseFirestore */ = {
			isa = XCSwiftPackageProductDependency;
			package = C420450F29990D60009699F7 /* XCRemoteSwiftPackageReference "firebase-ios-sdk" */;
			productName = FirebaseFirestore;
		};
		C4B38AAC29A39B2500EEFAF9 /* WrappingHStack */ = {
			isa = XCSwiftPackageProductDependency;
			package = C4B38AAB29A39B2500EEFAF9 /* XCRemoteSwiftPackageReference "WrappingHStack" */;
			productName = WrappingHStack;
		};
/* End XCSwiftPackageProductDependency section */
	};
	rootObject = C42044EE29990571009699F7 /* Project object */;
}
