// !$*UTF8*$!
{
	archiveVersion = 1;
	classes = {
	};
	objectVersion = 56;
	objects = {

/* Begin PBXBuildFile section */
		C4043A15299C665D0036C40F /* WrappingHStack in Frameworks */ = {isa = PBXBuildFile; productRef = C4043A14299C665D0036C40F /* WrappingHStack */; };
		C42044FA29990571009699F7 /* TranslationAppApp.swift in Sources */ = {isa = PBXBuildFile; fileRef = C42044F929990571009699F7 /* TranslationAppApp.swift */; };
		C42044FC29990571009699F7 /* HomeView.swift in Sources */ = {isa = PBXBuildFile; fileRef = C42044FB29990571009699F7 /* HomeView.swift */; };
		C42044FE29990574009699F7 /* Assets.xcassets in Resources */ = {isa = PBXBuildFile; fileRef = C42044FD29990574009699F7 /* Assets.xcassets */; };
		C420450129990574009699F7 /* Preview Assets.xcassets in Resources */ = {isa = PBXBuildFile; fileRef = C420450029990574009699F7 /* Preview Assets.xcassets */; };
		C420450A299905A2009699F7 /* LoginView.swift in Sources */ = {isa = PBXBuildFile; fileRef = C4204509299905A2009699F7 /* LoginView.swift */; };
		C420450E299905EC009699F7 /* LoggedInHomeView.swift in Sources */ = {isa = PBXBuildFile; fileRef = C420450D299905EC009699F7 /* LoggedInHomeView.swift */; };
		C420451129990D60009699F7 /* FirebaseAuth in Frameworks */ = {isa = PBXBuildFile; productRef = C420451029990D60009699F7 /* FirebaseAuth */; };
		C420451329990D60009699F7 /* FirebaseFirestore in Frameworks */ = {isa = PBXBuildFile; productRef = C420451229990D60009699F7 /* FirebaseFirestore */; };
		C420451529990DBE009699F7 /* GoogleService-Info.plist in Resources */ = {isa = PBXBuildFile; fileRef = C420451429990DBD009699F7 /* GoogleService-Info.plist */; };
		C420453A29992A78009699F7 /* LyricsView.swift in Sources */ = {isa = PBXBuildFile; fileRef = C420453929992A78009699F7 /* LyricsView.swift */; };
		C420453D29992B0D009699F7 /* ManualSearchView.swift in Sources */ = {isa = PBXBuildFile; fileRef = C420453C29992B0D009699F7 /* ManualSearchView.swift */; };
		C4204541299945D2009699F7 /* LyricsApiData.swift in Sources */ = {isa = PBXBuildFile; fileRef = C4204540299945D2009699F7 /* LyricsApiData.swift */; };
		C420454329995FF0009699F7 /* LanguageModel.swift in Sources */ = {isa = PBXBuildFile; fileRef = C420454229995FF0009699F7 /* LanguageModel.swift */; };
		C44C62D1299B8EE20091C401 /* SetDefaultLanguageView.swift in Sources */ = {isa = PBXBuildFile; fileRef = C44C62D0299B8EE20091C401 /* SetDefaultLanguageView.swift */; };
/* End PBXBuildFile section */

/* Begin PBXFileReference section */
		C42044F629990571009699F7 /* TranslationApp.app */ = {isa = PBXFileReference; explicitFileType = wrapper.application; includeInIndex = 0; path = TranslationApp.app; sourceTree = BUILT_PRODUCTS_DIR; };
		C42044F929990571009699F7 /* TranslationAppApp.swift */ = {isa = PBXFileReference; lastKnownFileType = sourcecode.swift; path = TranslationAppApp.swift; sourceTree = "<group>"; };
		C42044FB29990571009699F7 /* HomeView.swift */ = {isa = PBXFileReference; lastKnownFileType = sourcecode.swift; path = HomeView.swift; sourceTree = "<group>"; };
		C42044FD29990574009699F7 /* Assets.xcassets */ = {isa = PBXFileReference; lastKnownFileType = folder.assetcatalog; path = Assets.xcassets; sourceTree = "<group>"; };
		C420450029990574009699F7 /* Preview Assets.xcassets */ = {isa = PBXFileReference; lastKnownFileType = folder.assetcatalog; path = "Preview Assets.xcassets"; sourceTree = "<group>"; };
		C4204509299905A2009699F7 /* LoginView.swift */ = {isa = PBXFileReference; lastKnownFileType = sourcecode.swift; path = LoginView.swift; sourceTree = "<group>"; };
		C420450D299905EC009699F7 /* LoggedInHomeView.swift */ = {isa = PBXFileReference; lastKnownFileType = sourcecode.swift; path = LoggedInHomeView.swift; sourceTree = "<group>"; };
		C420451429990DBD009699F7 /* GoogleService-Info.plist */ = {isa = PBXFileReference; fileEncoding = 4; lastKnownFileType = text.plist.xml; path = "GoogleService-Info.plist"; sourceTree = "<group>"; };
		C420453929992A78009699F7 /* LyricsView.swift */ = {isa = PBXFileReference; lastKnownFileType = sourcecode.swift; path = LyricsView.swift; sourceTree = "<group>"; };
		C420453C29992B0D009699F7 /* ManualSearchView.swift */ = {isa = PBXFileReference; lastKnownFileType = sourcecode.swift; path = ManualSearchView.swift; sourceTree = "<group>"; };
		C4204540299945D2009699F7 /* LyricsApiData.swift */ = {isa = PBXFileReference; lastKnownFileType = sourcecode.swift; path = LyricsApiData.swift; sourceTree = "<group>"; };
		C420454229995FF0009699F7 /* LanguageModel.swift */ = {isa = PBXFileReference; lastKnownFileType = sourcecode.swift; path = LanguageModel.swift; sourceTree = "<group>"; };
		C44C62D0299B8EE20091C401 /* SetDefaultLanguageView.swift */ = {isa = PBXFileReference; lastKnownFileType = sourcecode.swift; path = SetDefaultLanguageView.swift; sourceTree = "<group>"; };
/* End PBXFileReference section */

/* Begin PBXFrameworksBuildPhase section */
		C42044F329990571009699F7 /* Frameworks */ = {
			isa = PBXFrameworksBuildPhase;
			buildActionMask = 2147483647;
			files = (
				C420451129990D60009699F7 /* FirebaseAuth in Frameworks */,
				C4043A15299C665D0036C40F /* WrappingHStack in Frameworks */,
				C420451329990D60009699F7 /* FirebaseFirestore in Frameworks */,
			);
			runOnlyForDeploymentPostprocessing = 0;
		};
/* End PBXFrameworksBuildPhase section */

/* Begin PBXGroup section */
		C42044ED29990571009699F7 = {
			isa = PBXGroup;
			children = (
				C42044F829990571009699F7 /* TranslationApp */,
				C42044F729990571009699F7 /* Products */,
			);
			sourceTree = "<group>";
		};
		C42044F729990571009699F7 /* Products */ = {
			isa = PBXGroup;
			children = (
				C42044F629990571009699F7 /* TranslationApp.app */,
			);
			name = Products;
			sourceTree = "<group>";
		};
		C42044F829990571009699F7 /* TranslationApp */ = {
			isa = PBXGroup;
			children = (
				C420450829990580009699F7 /* Models */,
				C42045072999057A009699F7 /* Views */,
				C42044F929990571009699F7 /* TranslationAppApp.swift */,
				C42044FD29990574009699F7 /* Assets.xcassets */,
				C420451429990DBD009699F7 /* GoogleService-Info.plist */,
				C42044FF29990574009699F7 /* Preview Content */,
			);
			path = TranslationApp;
			sourceTree = "<group>";
		};
		C42044FF29990574009699F7 /* Preview Content */ = {
			isa = PBXGroup;
			children = (
				C420450029990574009699F7 /* Preview Assets.xcassets */,
			);
			path = "Preview Content";
			sourceTree = "<group>";
		};
		C42045072999057A009699F7 /* Views */ = {
			isa = PBXGroup;
			children = (
				C42044FB29990571009699F7 /* HomeView.swift */,
				C4204509299905A2009699F7 /* LoginView.swift */,
				C420453B29992A89009699F7 /* ProtectedViews */,
			);
			path = Views;
			sourceTree = "<group>";
		};
		C420450829990580009699F7 /* Models */ = {
			isa = PBXGroup;
			children = (
				C4204540299945D2009699F7 /* LyricsApiData.swift */,
				C420454229995FF0009699F7 /* LanguageModel.swift */,
			);
			path = Models;
			sourceTree = "<group>";
		};
		C420453B29992A89009699F7 /* ProtectedViews */ = {
			isa = PBXGroup;
			children = (
				C420450D299905EC009699F7 /* LoggedInHomeView.swift */,
				C420453929992A78009699F7 /* LyricsView.swift */,
				C420453C29992B0D009699F7 /* ManualSearchView.swift */,
				C44C62D0299B8EE20091C401 /* SetDefaultLanguageView.swift */,
			);
			path = ProtectedViews;
			sourceTree = "<group>";
		};
/* End PBXGroup section */

/* Begin PBXNativeTarget section */
		C42044F529990571009699F7 /* TranslationApp */ = {
			isa = PBXNativeTarget;
			buildConfigurationList = C420450429990574009699F7 /* Build configuration list for PBXNativeTarget "TranslationApp" */;
			buildPhases = (
				C42044F229990571009699F7 /* Sources */,
				C42044F329990571009699F7 /* Frameworks */,
				C42044F429990571009699F7 /* Resources */,
			);
			buildRules = (
			);
			dependencies = (
			);
			name = TranslationApp;
			packageProductDependencies = (
				C420451029990D60009699F7 /* FirebaseAuth */,
				C420451229990D60009699F7 /* FirebaseFirestore */,
				C4043A14299C665D0036C40F /* WrappingHStack */,
			);
			productName = TranslationApp;
			productReference = C42044F629990571009699F7 /* TranslationApp.app */;
			productType = "com.apple.product-type.application";
		};
/* End PBXNativeTarget section */

/* Begin PBXProject section */
		C42044EE29990571009699F7 /* Project object */ = {
			isa = PBXProject;
			attributes = {
				BuildIndependentTargetsInParallel = 1;
				LastSwiftUpdateCheck = 1420;
				LastUpgradeCheck = 1420;
				TargetAttributes = {
					C42044F529990571009699F7 = {
						CreatedOnToolsVersion = 14.2;
					};
				};
			};
			buildConfigurationList = C42044F129990571009699F7 /* Build configuration list for PBXProject "TranslationApp" */;
			compatibilityVersion = "Xcode 14.0";
			developmentRegion = en;
			hasScannedForEncodings = 0;
			knownRegions = (
				en,
				Base,
			);
			mainGroup = C42044ED29990571009699F7;
			packageReferences = (
				C420450F29990D60009699F7 /* XCRemoteSwiftPackageReference "firebase-ios-sdk" */,
				C4043A13299C665D0036C40F /* XCRemoteSwiftPackageReference "WrappingHStack" */,
			);
			productRefGroup = C42044F729990571009699F7 /* Products */;
			projectDirPath = "";
			projectRoot = "";
			targets = (
				C42044F529990571009699F7 /* TranslationApp */,
			);
		};
/* End PBXProject section */

/* Begin PBXResourcesBuildPhase section */
		C42044F429990571009699F7 /* Resources */ = {
			isa = PBXResourcesBuildPhase;
			buildActionMask = 2147483647;
			files = (
				C420450129990574009699F7 /* Preview Assets.xcassets in Resources */,
				C42044FE29990574009699F7 /* Assets.xcassets in Resources */,
				C420451529990DBE009699F7 /* GoogleService-Info.plist in Resources */,
			);
			runOnlyForDeploymentPostprocessing = 0;
		};
/* End PBXResourcesBuildPhase section */

/* Begin PBXSourcesBuildPhase section */
		C42044F229990571009699F7 /* Sources */ = {
			isa = PBXSourcesBuildPhase;
			buildActionMask = 2147483647;
			files = (
				C4204541299945D2009699F7 /* LyricsApiData.swift in Sources */,
				C420453A29992A78009699F7 /* LyricsView.swift in Sources */,
				C420450A299905A2009699F7 /* LoginView.swift in Sources */,
				C420454329995FF0009699F7 /* LanguageModel.swift in Sources */,
				C42044FC29990571009699F7 /* HomeView.swift in Sources */,
				C420450E299905EC009699F7 /* LoggedInHomeView.swift in Sources */,
				C420453D29992B0D009699F7 /* ManualSearchView.swift in Sources */,
				C44C62D1299B8EE20091C401 /* SetDefaultLanguageView.swift in Sources */,
				C42044FA29990571009699F7 /* TranslationAppApp.swift in Sources */,
			);
			runOnlyForDeploymentPostprocessing = 0;
		};
/* End PBXSourcesBuildPhase section */

/* Begin XCBuildConfiguration section */
		C420450229990574009699F7 /* Debug */ = {
			isa = XCBuildConfiguration;
			buildSettings = {
				ALWAYS_SEARCH_USER_PATHS = NO;
				CLANG_ANALYZER_NONNULL = YES;
				CLANG_ANALYZER_NUMBER_OBJECT_CONVERSION = YES_AGGRESSIVE;
				CLANG_CXX_LANGUAGE_STANDARD = "gnu++20";
				CLANG_ENABLE_MODULES = YES;
				CLANG_ENABLE_OBJC_ARC = YES;
				CLANG_ENABLE_OBJC_WEAK = YES;
				CLANG_WARN_BLOCK_CAPTURE_AUTORELEASING = YES;
				CLANG_WARN_BOOL_CONVERSION = YES;
				CLANG_WARN_COMMA = YES;
				CLANG_WARN_CONSTANT_CONVERSION = YES;
				CLANG_WARN_DEPRECATED_OBJC_IMPLEMENTATIONS = YES;
				CLANG_WARN_DIRECT_OBJC_ISA_USAGE = YES_ERROR;
				CLANG_WARN_DOCUMENTATION_COMMENTS = YES;
				CLANG_WARN_EMPTY_BODY = YES;
				CLANG_WARN_ENUM_CONVERSION = YES;
				CLANG_WARN_INFINITE_RECURSION = YES;
				CLANG_WARN_INT_CONVERSION = YES;
				CLANG_WARN_NON_LITERAL_NULL_CONVERSION = YES;
				CLANG_WARN_OBJC_IMPLICIT_RETAIN_SELF = YES;
				CLANG_WARN_OBJC_LITERAL_CONVERSION = YES;
				CLANG_WARN_OBJC_ROOT_CLASS = YES_ERROR;
				CLANG_WARN_QUOTED_INCLUDE_IN_FRAMEWORK_HEADER = YES;
				CLANG_WARN_RANGE_LOOP_ANALYSIS = YES;
				CLANG_WARN_STRICT_PROTOTYPES = YES;
				CLANG_WARN_SUSPICIOUS_MOVE = YES;
				CLANG_WARN_UNGUARDED_AVAILABILITY = YES_AGGRESSIVE;
				CLANG_WARN_UNREACHABLE_CODE = YES;
				CLANG_WARN__DUPLICATE_METHOD_MATCH = YES;
				COPY_PHASE_STRIP = NO;
				DEBUG_INFORMATION_FORMAT = dwarf;
				ENABLE_STRICT_OBJC_MSGSEND = YES;
				ENABLE_TESTABILITY = YES;
				GCC_C_LANGUAGE_STANDARD = gnu11;
				GCC_DYNAMIC_NO_PIC = NO;
				GCC_NO_COMMON_BLOCKS = YES;
				GCC_OPTIMIZATION_LEVEL = 0;
				GCC_PREPROCESSOR_DEFINITIONS = (
					"DEBUG=1",
					"$(inherited)",
				);
				GCC_WARN_64_TO_32_BIT_CONVERSION = YES;
				GCC_WARN_ABOUT_RETURN_TYPE = YES_ERROR;
				GCC_WARN_UNDECLARED_SELECTOR = YES;
				GCC_WARN_UNINITIALIZED_AUTOS = YES_AGGRESSIVE;
				GCC_WARN_UNUSED_FUNCTION = YES;
				GCC_WARN_UNUSED_VARIABLE = YES;
				IPHONEOS_DEPLOYMENT_TARGET = 16.2;
				MTL_ENABLE_DEBUG_INFO = INCLUDE_SOURCE;
				MTL_FAST_MATH = YES;
				ONLY_ACTIVE_ARCH = YES;
				SDKROOT = iphoneos;
				SWIFT_ACTIVE_COMPILATION_CONDITIONS = DEBUG;
				SWIFT_OPTIMIZATION_LEVEL = "-Onone";
			};
			name = Debug;
		};
		C420450329990574009699F7 /* Release */ = {
			isa = XCBuildConfiguration;
			buildSettings = {
				ALWAYS_SEARCH_USER_PATHS = NO;
				CLANG_ANALYZER_NONNULL = YES;
				CLANG_ANALYZER_NUMBER_OBJECT_CONVERSION = YES_AGGRESSIVE;
				CLANG_CXX_LANGUAGE_STANDARD = "gnu++20";
				CLANG_ENABLE_MODULES = YES;
				CLANG_ENABLE_OBJC_ARC = YES;
				CLANG_ENABLE_OBJC_WEAK = YES;
				CLANG_WARN_BLOCK_CAPTURE_AUTORELEASING = YES;
				CLANG_WARN_BOOL_CONVERSION = YES;
				CLANG_WARN_COMMA = YES;
				CLANG_WARN_CONSTANT_CONVERSION = YES;
				CLANG_WARN_DEPRECATED_OBJC_IMPLEMENTATIONS = YES;
				CLANG_WARN_DIRECT_OBJC_ISA_USAGE = YES_ERROR;
				CLANG_WARN_DOCUMENTATION_COMMENTS = YES;
				CLANG_WARN_EMPTY_BODY = YES;
				CLANG_WARN_ENUM_CONVERSION = YES;
				CLANG_WARN_INFINITE_RECURSION = YES;
				CLANG_WARN_INT_CONVERSION = YES;
				CLANG_WARN_NON_LITERAL_NULL_CONVERSION = YES;
				CLANG_WARN_OBJC_IMPLICIT_RETAIN_SELF = YES;
				CLANG_WARN_OBJC_LITERAL_CONVERSION = YES;
				CLANG_WARN_OBJC_ROOT_CLASS = YES_ERROR;
				CLANG_WARN_QUOTED_INCLUDE_IN_FRAMEWORK_HEADER = YES;
				CLANG_WARN_RANGE_LOOP_ANALYSIS = YES;
				CLANG_WARN_STRICT_PROTOTYPES = YES;
				CLANG_WARN_SUSPICIOUS_MOVE = YES;
				CLANG_WARN_UNGUARDED_AVAILABILITY = YES_AGGRESSIVE;
				CLANG_WARN_UNREACHABLE_CODE = YES;
				CLANG_WARN__DUPLICATE_METHOD_MATCH = YES;
				COPY_PHASE_STRIP = NO;
				DEBUG_INFORMATION_FORMAT = "dwarf-with-dsym";
				ENABLE_NS_ASSERTIONS = NO;
				ENABLE_STRICT_OBJC_MSGSEND = YES;
				GCC_C_LANGUAGE_STANDARD = gnu11;
				GCC_NO_COMMON_BLOCKS = YES;
				GCC_WARN_64_TO_32_BIT_CONVERSION = YES;
				GCC_WARN_ABOUT_RETURN_TYPE = YES_ERROR;
				GCC_WARN_UNDECLARED_SELECTOR = YES;
				GCC_WARN_UNINITIALIZED_AUTOS = YES_AGGRESSIVE;
				GCC_WARN_UNUSED_FUNCTION = YES;
				GCC_WARN_UNUSED_VARIABLE = YES;
				IPHONEOS_DEPLOYMENT_TARGET = 16.2;
				MTL_ENABLE_DEBUG_INFO = NO;
				MTL_FAST_MATH = YES;
				SDKROOT = iphoneos;
				SWIFT_COMPILATION_MODE = wholemodule;
				SWIFT_OPTIMIZATION_LEVEL = "-O";
				VALIDATE_PRODUCT = YES;
			};
			name = Release;
		};
		C420450529990574009699F7 /* Debug */ = {
			isa = XCBuildConfiguration;
			buildSettings = {
				ASSETCATALOG_COMPILER_APPICON_NAME = AppIcon;
				ASSETCATALOG_COMPILER_GLOBAL_ACCENT_COLOR_NAME = AccentColor;
				CODE_SIGN_STYLE = Automatic;
				CURRENT_PROJECT_VERSION = 1;
				DEVELOPMENT_ASSET_PATHS = "\"TranslationApp/Preview Content\"";
				DEVELOPMENT_TEAM = Q8DA5M63VC;
				ENABLE_PREVIEWS = YES;
				GENERATE_INFOPLIST_FILE = YES;
				INFOPLIST_KEY_UIApplicationSceneManifest_Generation = YES;
				INFOPLIST_KEY_UIApplicationSupportsIndirectInputEvents = YES;
				INFOPLIST_KEY_UILaunchScreen_Generation = YES;
				INFOPLIST_KEY_UISupportedInterfaceOrientations = UIInterfaceOrientationPortrait;
				IPHONEOS_DEPLOYMENT_TARGET = 16.0;
				LD_RUNPATH_SEARCH_PATHS = (
					"$(inherited)",
					"@executable_path/Frameworks",
				);
				MARKETING_VERSION = 1.0;
				PRODUCT_BUNDLE_IDENTIFIER = co.wuerdemann.TranslationApp;
				PRODUCT_NAME = "$(TARGET_NAME)";
				SWIFT_EMIT_LOC_STRINGS = YES;
				SWIFT_VERSION = 5.0;
				TARGETED_DEVICE_FAMILY = "1,2";
			};
			name = Debug;
		};
		C420450629990574009699F7 /* Release */ = {
			isa = XCBuildConfiguration;
			buildSettings = {
				ASSETCATALOG_COMPILER_APPICON_NAME = AppIcon;
				ASSETCATALOG_COMPILER_GLOBAL_ACCENT_COLOR_NAME = AccentColor;
				CODE_SIGN_STYLE = Automatic;
				CURRENT_PROJECT_VERSION = 1;
				DEVELOPMENT_ASSET_PATHS = "\"TranslationApp/Preview Content\"";
				DEVELOPMENT_TEAM = Q8DA5M63VC;
				ENABLE_PREVIEWS = YES;
				GENERATE_INFOPLIST_FILE = YES;
				INFOPLIST_KEY_UIApplicationSceneManifest_Generation = YES;
				INFOPLIST_KEY_UIApplicationSupportsIndirectInputEvents = YES;
				INFOPLIST_KEY_UILaunchScreen_Generation = YES;
				INFOPLIST_KEY_UISupportedInterfaceOrientations = UIInterfaceOrientationPortrait;
				IPHONEOS_DEPLOYMENT_TARGET = 16.0;
				LD_RUNPATH_SEARCH_PATHS = (
					"$(inherited)",
					"@executable_path/Frameworks",
				);
				MARKETING_VERSION = 1.0;
				PRODUCT_BUNDLE_IDENTIFIER = co.wuerdemann.TranslationApp;
				PRODUCT_NAME = "$(TARGET_NAME)";
				SWIFT_EMIT_LOC_STRINGS = YES;
				SWIFT_VERSION = 5.0;
				TARGETED_DEVICE_FAMILY = "1,2";
			};
			name = Release;
		};
/* End XCBuildConfiguration section */

/* Begin XCConfigurationList section */
		C42044F129990571009699F7 /* Build configuration list for PBXProject "TranslationApp" */ = {
			isa = XCConfigurationList;
			buildConfigurations = (
				C420450229990574009699F7 /* Debug */,
				C420450329990574009699F7 /* Release */,
			);
			defaultConfigurationIsVisible = 0;
			defaultConfigurationName = Release;
		};
		C420450429990574009699F7 /* Build configuration list for PBXNativeTarget "TranslationApp" */ = {
			isa = XCConfigurationList;
			buildConfigurations = (
				C420450529990574009699F7 /* Debug */,
				C420450629990574009699F7 /* Release */,
			);
			defaultConfigurationIsVisible = 0;
			defaultConfigurationName = Release;
		};
/* End XCConfigurationList section */

/* Begin XCRemoteSwiftPackageReference section */
		C4043A13299C665D0036C40F /* XCRemoteSwiftPackageReference "WrappingHStack" */ = {
			isa = XCRemoteSwiftPackageReference;
			repositoryURL = "https://github.com/dkk/WrappingHStack";
			requirement = {
				kind = upToNextMajorVersion;
				minimumVersion = 2.0.0;
			};
		};
		C420450F29990D60009699F7 /* XCRemoteSwiftPackageReference "firebase-ios-sdk" */ = {
			isa = XCRemoteSwiftPackageReference;
			repositoryURL = "https://github.com/firebase/firebase-ios-sdk.git";
			requirement = {
				kind = upToNextMajorVersion;
				minimumVersion = 9.0.0;
			};
		};
/* End XCRemoteSwiftPackageReference section */

/* Begin XCSwiftPackageProductDependency section */
		C4043A14299C665D0036C40F /* WrappingHStack */ = {
			isa = XCSwiftPackageProductDependency;
			package = C4043A13299C665D0036C40F /* XCRemoteSwiftPackageReference "WrappingHStack" */;
			productName = WrappingHStack;
		};
		C420451029990D60009699F7 /* FirebaseAuth */ = {
			isa = XCSwiftPackageProductDependency;
			package = C420450F29990D60009699F7 /* XCRemoteSwiftPackageReference "firebase-ios-sdk" */;
			productName = FirebaseAuth;
		};
		C420451229990D60009699F7 /* FirebaseFirestore */ = {
			isa = XCSwiftPackageProductDependency;
			package = C420450F29990D60009699F7 /* XCRemoteSwiftPackageReference "firebase-ios-sdk" */;
			productName = FirebaseFirestore;
		};
/* End XCSwiftPackageProductDependency section */
	};
	rootObject = C42044EE29990571009699F7 /* Project object */;
}
